
Microsoft Visual Studio Solution File, Format Version 12.00
# Visual Studio 15
VisualStudioVersion = 15.0.28307.168
MinimumVisualStudioVersion = 10.0.40219.1
Project("{FAE04EC0-301F-11D3-BF4B-00C04F79EFBC}") = "StudyMemo2", "StudyMemo2\StudyMemo2.csproj", "{F4BA1D3D-21D9-45EB-B717-FF731D2C809C}"
EndProject
Global
	GlobalSection(SolutionConfigurationPlatforms) = preSolution
		Debug|Any CPU = Debug|Any CPU
		Release|Any CPU = Release|Any CPU
	EndGlobalSection
	GlobalSection(ProjectConfigurationPlatforms) = postSolution
		{F4BA1D3D-21D9-45EB-B717-FF731D2C809C}.Debug|Any CPU.ActiveCfg = Debug|Any CPU
		{F4BA1D3D-21D9-45EB-B717-FF731D2C809C}.Debug|Any CPU.Build.0 = Debug|Any CPU
		{F4BA1D3D-21D9-45EB-B717-FF731D2C809C}.Release|Any CPU.ActiveCfg = Release|Any CPU
		{F4BA1D3D-21D9-45EB-B717-FF731D2C809C}.Release|Any CPU.Build.0 = Release|Any CPU
	EndGlobalSection
	GlobalSection(SolutionProperties) = preSolution
		HideSolutionNode = FALSE
	EndGlobalSection
	GlobalSection(ExtensibilityGlobals) = postSolution
		SolutionGuid = {5F7738DD-60A5-461E-82FE-F0DA3EEE152F}
	EndGlobalSection
EndGlobal
